{
  "name": "NavigationTutorial",
  "version": "1.0.0",
  "lockfileVersion": 1,
  "requires": true,
  "dependencies": {
    "@openui5/sap.m": {
      "version": "1.72.1",
      "resolved": "https://registry.npmjs.org/@openui5/sap.m/-/sap.m-1.72.1.tgz",
      "integrity": "sha512-ZiwOoxratO1eJ8iOZAZPeQnIAAaqOYPXNS/OV8SbgHRTLq7mPXxLaFizbNdBPsotseQtXn8zrEFZANfKD3Iohg==",
      "requires": {
        "@openui5/sap.ui.core": "1.72.1",
        "@openui5/sap.ui.layout": "1.72.1",
        "@openui5/sap.ui.unified": "1.72.1"
      }
    },
    "@openui5/sap.ui.core": {
      "version": "1.72.1",
      "resolved": "https://registry.npmjs.org/@openui5/sap.ui.core/-/sap.ui.core-1.72.1.tgz",
      "integrity": "sha512-Xp35+ugvY38fSpSFwbYOvZ1tKQAi2B87XwGSClkZw7aoz+SMaUUhZA8b5z6JGm7BRFhFBmTohrGFo3XApTsWJQ=="
    },
    "@openui5/sap.ui.layout": {
      "version": "1.72.1",
      "resolved": "https://registry.npmjs.org/@openui5/sap.ui.layout/-/sap.ui.layout-1.72.1.tgz",
      "integrity": "sha512-2q2VfN09khn/8DqHCnWAnscjfHiNDgVw9DpUB3eSZN4RmNCFnyj8faIkNLV/IBRlew33QheKLnugM5MX1R3e6A==",
      "requires": {
        "@openui5/sap.ui.core": "1.72.1"
      }
    },
    "@openui5/sap.ui.unified": {
      "version": "1.72.1",
      "resolved": "https://registry.npmjs.org/@openui5/sap.ui.unified/-/sap.ui.unified-1.72.1.tgz",
      "integrity": "sha512-e/+0+QBC7tvbe8+ZIDRCEgbVKY7ACGGza2Mt9OvcuJu6racgh5DrAetRJAFN+VA/09Ts1UEuXNnKK+BC3FyyOQ==",
      "requires": {
        "@openui5/sap.ui.core": "1.72.1"
      }
    },
    "@openui5/themelib_sap_belize": {
      "version": "1.72.1",
      "resolved": "https://registry.npmjs.org/@openui5/themelib_sap_belize/-/themelib_sap_belize-1.72.1.tgz",
      "integrity": "sha512-QOK+GYWZdX9FCAxKOnt2mMFx+7L3ZIocuNLFt3mWo0khg0cYnDS2G4rdwyIfgRXew9vmumoRYXG+ZQjDqa1BUA=="
    }
  }
}
